
Microsoft Visual Studio Solution File, Format Version 12.00
# Visual Studio Version 17
VisualStudioVersion = 17.8.34330.188
MinimumVisualStudioVersion = 10.0.40219.1
Project("{FAE04EC0-301F-11D3-BF4B-00C04F79EFBC}") = "PruebasMinimalApi", "PruebasMinimalApi\PruebasMinimalApi.csproj", "{C7EC765A-C8D5-46E9-A8BE-ACE4FAF0C6CD}"
EndProject
Global
	GlobalSection(SolutionConfigurationPlatforms) = preSolution
		Debug|Any CPU = Debug|Any CPU
		Release|Any CPU = Release|Any CPU
	EndGlobalSection
	GlobalSection(ProjectConfigurationPlatforms) = postSolution
		{C7EC765A-C8D5-46E9-A8BE-ACE4FAF0C6CD}.Debug|Any CPU.ActiveCfg = Debug|Any CPU
		{C7EC765A-C8D5-46E9-A8BE-ACE4FAF0C6CD}.Debug|Any CPU.Build.0 = Debug|Any CPU
		{C7EC765A-C8D5-46E9-A8BE-ACE4FAF0C6CD}.Release|Any CPU.ActiveCfg = Release|Any CPU
		{C7EC765A-C8D5-46E9-A8BE-ACE4FAF0C6CD}.Release|Any CPU.Build.0 = Release|Any CPU
	EndGlobalSection
	GlobalSection(SolutionProperties) = preSolution
		HideSolutionNode = FALSE
	EndGlobalSection
	GlobalSection(ExtensibilityGlobals) = postSolution
		SolutionGuid = {F3852AF0-6B54-437C-93B3-A6F2756CE35A}
	EndGlobalSection
EndGlobal
